
Microsoft Visual Studio Solution File, Format Version 12.00
# Visual Studio Version 16
VisualStudioVersion = 16.0.28803.156
MinimumVisualStudioVersion = 10.0.40219.1
Project("{FAE04EC0-301F-11D3-BF4B-00C04F79EFBC}") = "wallet2", "wallet2\wallet2.csproj", "{377795FA-F103-45BD-A58D-83ABBA4A30D3}"
EndProject
Global
	GlobalSection(SolutionConfigurationPlatforms) = preSolution
		Debug|Any CPU = Debug|Any CPU
		Release|Any CPU = Release|Any CPU
	EndGlobalSection
	GlobalSection(ProjectConfigurationPlatforms) = postSolution
		{377795FA-F103-45BD-A58D-83ABBA4A30D3}.Debug|Any CPU.ActiveCfg = Debug|Any CPU
		{377795FA-F103-45BD-A58D-83ABBA4A30D3}.Debug|Any CPU.Build.0 = Debug|Any CPU
		{377795FA-F103-45BD-A58D-83ABBA4A30D3}.Release|Any CPU.ActiveCfg = Release|Any CPU
		{377795FA-F103-45BD-A58D-83ABBA4A30D3}.Release|Any CPU.Build.0 = Release|Any CPU
	EndGlobalSection
	GlobalSection(SolutionProperties) = preSolution
		HideSolutionNode = FALSE
	EndGlobalSection
	GlobalSection(ExtensibilityGlobals) = postSolution
		SolutionGuid = {8CF2BBCD-4BF0-458C-A7DD-7E5943C1701D}
	EndGlobalSection
EndGlobal
